// !$*UTF8*$!
{
	archiveVersion = 1;
	classes = {
	};
	objectVersion = 51;
	objects = {

/* Begin PBXBuildFile section */
		5E162D352707242D00BF44B8 /* AppDelegate.swift in Sources */ = {isa = PBXBuildFile; fileRef = 5E162D342707242D00BF44B8 /* AppDelegate.swift */; };
		5E162D372707242D00BF44B8 /* SceneDelegate.swift in Sources */ = {isa = PBXBuildFile; fileRef = 5E162D362707242D00BF44B8 /* SceneDelegate.swift */; };
		5E162D392707242D00BF44B8 /* LoginViewController.swift in Sources */ = {isa = PBXBuildFile; fileRef = 5E162D382707242D00BF44B8 /* LoginViewController.swift */; };
		5E162D3C2707242D00BF44B8 /* Main.storyboard in Resources */ = {isa = PBXBuildFile; fileRef = 5E162D3A2707242D00BF44B8 /* Main.storyboard */; };
		5E162D3E2707242E00BF44B8 /* Assets.xcassets in Resources */ = {isa = PBXBuildFile; fileRef = 5E162D3D2707242E00BF44B8 /* Assets.xcassets */; };
		5E162D412707242E00BF44B8 /* LaunchScreen.storyboard in Resources */ = {isa = PBXBuildFile; fileRef = 5E162D3F2707242E00BF44B8 /* LaunchScreen.storyboard */; };
		5E8F748D2710C98400B6E85F /* Song.swift in Sources */ = {isa = PBXBuildFile; fileRef = 5E8F748C2710C98400B6E85F /* Song.swift */; };
		5EAB7E99273D341900D1A3F4 /* FeedTableViewCell.xib in Resources */ = {isa = PBXBuildFile; fileRef = 5EAB7E94273D341900D1A3F4 /* FeedTableViewCell.xib */; };
		5EAB7E9A273D341900D1A3F4 /* FeedTableViewCell.swift in Sources */ = {isa = PBXBuildFile; fileRef = 5EAB7E95273D341900D1A3F4 /* FeedTableViewCell.swift */; };
		5EAB7E9B273D341900D1A3F4 /* FeedViewController.swift in Sources */ = {isa = PBXBuildFile; fileRef = 5EAB7E96273D341900D1A3F4 /* FeedViewController.swift */; };
		5EAB7E9C273D341900D1A3F4 /* FeedViewPresenter.swift in Sources */ = {isa = PBXBuildFile; fileRef = 5EAB7E98273D341900D1A3F4 /* FeedViewPresenter.swift */; };
		5EAB7E9F273D343700D1A3F4 /* LoginViewPresenter.swift in Sources */ = {isa = PBXBuildFile; fileRef = 5EAB7E9E273D343700D1A3F4 /* LoginViewPresenter.swift */; };
		5EAB7EA3273D344F00D1A3F4 /* User.swift in Sources */ = {isa = PBXBuildFile; fileRef = 5EAB7EA2273D344F00D1A3F4 /* User.swift */; };
		5EBA9CB7271F1FFC0033F94E /* InitialViewController.swift in Sources */ = {isa = PBXBuildFile; fileRef = 5EBA9CB6271F1FFC0033F94E /* InitialViewController.swift */; };
		5EBF990127177019005B1B77 /* LoadManager.swift in Sources */ = {isa = PBXBuildFile; fileRef = 5EBF990027177019005B1B77 /* LoadManager.swift */; };
		5EBF990427177490005B1B77 /* AuthManager.swift in Sources */ = {isa = PBXBuildFile; fileRef = 5EBF990327177490005B1B77 /* AuthManager.swift */; };
		5EF79941272B296600E6FF92 /* NetworkService.swift in Sources */ = {isa = PBXBuildFile; fileRef = 5EF79940272B296600E6FF92 /* NetworkService.swift */; };
		6D0CC7552741483C00E48AD8 /* RobotoCondensed-Bold.ttf in Resources */ = {isa = PBXBuildFile; fileRef = 6D0CC7542741483C00E48AD8 /* RobotoCondensed-Bold.ttf */; };
		6D0CC761274152D700E48AD8 /* ProfilePresenter.swift in Sources */ = {isa = PBXBuildFile; fileRef = 6D0CC760274152D700E48AD8 /* ProfilePresenter.swift */; };
		6D0CC766274155F900E48AD8 /* SongView.swift in Sources */ = {isa = PBXBuildFile; fileRef = 6D0CC765274155F900E48AD8 /* SongView.swift */; };
		6D0CC768274156F000E48AD8 /* SongView.xib in Resources */ = {isa = PBXBuildFile; fileRef = 6D0CC767274156F000E48AD8 /* SongView.xib */; };
		6D170FA5273FCA530034AC01 /* SignUpViewPresenter.swift in Sources */ = {isa = PBXBuildFile; fileRef = 6D170FA4273FCA530034AC01 /* SignUpViewPresenter.swift */; };
		6D170FAA273FCBB30034AC01 /* ProfileViewController.swift in Sources */ = {isa = PBXBuildFile; fileRef = 6D170FA9273FCBB30034AC01 /* ProfileViewController.swift */; };
		6D170FB02741383A0034AC01 /* Montserrat-Bold.ttf in Resources */ = {isa = PBXBuildFile; fileRef = 6D170FAF2741383A0034AC01 /* Montserrat-Bold.ttf */; };
		6D170FB4274139040034AC01 /* Montserrat-Regular.ttf in Resources */ = {isa = PBXBuildFile; fileRef = 6D170FB1274139030034AC01 /* Montserrat-Regular.ttf */; };
		6D170FB5274139040034AC01 /* Montserrat-Thin.ttf in Resources */ = {isa = PBXBuildFile; fileRef = 6D170FB2274139030034AC01 /* Montserrat-Thin.ttf */; };
		6D170FB6274139040034AC01 /* Montserrat-Light.ttf in Resources */ = {isa = PBXBuildFile; fileRef = 6D170FB3274139040034AC01 /* Montserrat-Light.ttf */; };
		6D170FB827413E5A0034AC01 /* .gitignore in Resources */ = {isa = PBXBuildFile; fileRef = 6D170FB727413E5A0034AC01 /* .gitignore */; };
		6D92B51827345D4F001519EC /* SignUpViewController.swift in Sources */ = {isa = PBXBuildFile; fileRef = 6D92B51727345D4F001519EC /* SignUpViewController.swift */; };
		6D92B51A27345D5B001519EC /* GoogleService-Info.plist in Resources */ = {isa = PBXBuildFile; fileRef = 6D92B51927345D5B001519EC /* GoogleService-Info.plist */; };
		6D92B51C27345D9E001519EC /* Extensions.swift in Sources */ = {isa = PBXBuildFile; fileRef = 6D92B51B27345D9E001519EC /* Extensions.swift */; };
		A379CBBE71032BE6D76A10EF /* Pods_Chordz.framework in Frameworks */ = {isa = PBXBuildFile; fileRef = 3BBE152375C5CA734D69F583 /* Pods_Chordz.framework */; };
/* End PBXBuildFile section */

/* Begin PBXFileReference section */
		2685E133190E08704834D9EB /* Pods-Chordz.debug.xcconfig */ = {isa = PBXFileReference; includeInIndex = 1; lastKnownFileType = text.xcconfig; name = "Pods-Chordz.debug.xcconfig"; path = "Target Support Files/Pods-Chordz/Pods-Chordz.debug.xcconfig"; sourceTree = "<group>"; };
		3BBE152375C5CA734D69F583 /* Pods_Chordz.framework */ = {isa = PBXFileReference; explicitFileType = wrapper.framework; includeInIndex = 0; path = Pods_Chordz.framework; sourceTree = BUILT_PRODUCTS_DIR; };
		3E6C85CBBDEF29BC5CFF688D /* Pods-Chordz.release.xcconfig */ = {isa = PBXFileReference; includeInIndex = 1; lastKnownFileType = text.xcconfig; name = "Pods-Chordz.release.xcconfig"; path = "Target Support Files/Pods-Chordz/Pods-Chordz.release.xcconfig"; sourceTree = "<group>"; };
		5E162D312707242D00BF44B8 /* Chordz.app */ = {isa = PBXFileReference; explicitFileType = wrapper.application; includeInIndex = 0; path = Chordz.app; sourceTree = BUILT_PRODUCTS_DIR; };
		5E162D342707242D00BF44B8 /* AppDelegate.swift */ = {isa = PBXFileReference; lastKnownFileType = sourcecode.swift; path = AppDelegate.swift; sourceTree = "<group>"; };
		5E162D362707242D00BF44B8 /* SceneDelegate.swift */ = {isa = PBXFileReference; lastKnownFileType = sourcecode.swift; path = SceneDelegate.swift; sourceTree = "<group>"; };
		5E162D382707242D00BF44B8 /* LoginViewController.swift */ = {isa = PBXFileReference; lastKnownFileType = sourcecode.swift; path = LoginViewController.swift; sourceTree = "<group>"; };
		5E162D3B2707242D00BF44B8 /* Base */ = {isa = PBXFileReference; lastKnownFileType = file.storyboard; name = Base; path = Base.lproj/Main.storyboard; sourceTree = "<group>"; };
		5E162D3D2707242E00BF44B8 /* Assets.xcassets */ = {isa = PBXFileReference; lastKnownFileType = folder.assetcatalog; path = Assets.xcassets; sourceTree = "<group>"; };
		5E162D402707242E00BF44B8 /* Base */ = {isa = PBXFileReference; lastKnownFileType = file.storyboard; name = Base; path = Base.lproj/LaunchScreen.storyboard; sourceTree = "<group>"; };
		5E162D422707242E00BF44B8 /* Info.plist */ = {isa = PBXFileReference; lastKnownFileType = text.plist.xml; path = Info.plist; sourceTree = "<group>"; };
		5E8F748C2710C98400B6E85F /* Song.swift */ = {isa = PBXFileReference; lastKnownFileType = sourcecode.swift; path = Song.swift; sourceTree = "<group>"; };
		5EAB7E94273D341900D1A3F4 /* FeedTableViewCell.xib */ = {isa = PBXFileReference; fileEncoding = 4; lastKnownFileType = file.xib; path = FeedTableViewCell.xib; sourceTree = "<group>"; };
		5EAB7E95273D341900D1A3F4 /* FeedTableViewCell.swift */ = {isa = PBXFileReference; fileEncoding = 4; lastKnownFileType = sourcecode.swift; path = FeedTableViewCell.swift; sourceTree = "<group>"; };
		5EAB7E96273D341900D1A3F4 /* FeedViewController.swift */ = {isa = PBXFileReference; fileEncoding = 4; lastKnownFileType = sourcecode.swift; path = FeedViewController.swift; sourceTree = "<group>"; };
		5EAB7E98273D341900D1A3F4 /* FeedViewPresenter.swift */ = {isa = PBXFileReference; fileEncoding = 4; lastKnownFileType = sourcecode.swift; path = FeedViewPresenter.swift; sourceTree = "<group>"; };
		5EAB7E9E273D343700D1A3F4 /* LoginViewPresenter.swift */ = {isa = PBXFileReference; fileEncoding = 4; lastKnownFileType = sourcecode.swift; path = LoginViewPresenter.swift; sourceTree = "<group>"; };
		5EAB7EA2273D344F00D1A3F4 /* User.swift */ = {isa = PBXFileReference; lastKnownFileType = sourcecode.swift; path = User.swift; sourceTree = "<group>"; };
		5EBA9CB6271F1FFC0033F94E /* InitialViewController.swift */ = {isa = PBXFileReference; lastKnownFileType = sourcecode.swift; path = InitialViewController.swift; sourceTree = "<group>"; };
		5EBF990027177019005B1B77 /* LoadManager.swift */ = {isa = PBXFileReference; lastKnownFileType = sourcecode.swift; path = LoadManager.swift; sourceTree = "<group>"; };
		5EBF990327177490005B1B77 /* AuthManager.swift */ = {isa = PBXFileReference; lastKnownFileType = sourcecode.swift; path = AuthManager.swift; sourceTree = "<group>"; };
		5EF79940272B296600E6FF92 /* NetworkService.swift */ = {isa = PBXFileReference; lastKnownFileType = sourcecode.swift; path = NetworkService.swift; sourceTree = "<group>"; };
		6D0CC7542741483C00E48AD8 /* RobotoCondensed-Bold.ttf */ = {isa = PBXFileReference; lastKnownFileType = file; path = "RobotoCondensed-Bold.ttf"; sourceTree = "<group>"; };
		6D0CC760274152D700E48AD8 /* ProfilePresenter.swift */ = {isa = PBXFileReference; lastKnownFileType = sourcecode.swift; path = ProfilePresenter.swift; sourceTree = "<group>"; };
		6D0CC765274155F900E48AD8 /* SongView.swift */ = {isa = PBXFileReference; lastKnownFileType = sourcecode.swift; path = SongView.swift; sourceTree = "<group>"; };
		6D0CC767274156F000E48AD8 /* SongView.xib */ = {isa = PBXFileReference; lastKnownFileType = file.xib; path = SongView.xib; sourceTree = "<group>"; };
		6D170FA4273FCA530034AC01 /* SignUpViewPresenter.swift */ = {isa = PBXFileReference; lastKnownFileType = sourcecode.swift; path = SignUpViewPresenter.swift; sourceTree = "<group>"; };
		6D170FA9273FCBB30034AC01 /* ProfileViewController.swift */ = {isa = PBXFileReference; lastKnownFileType = sourcecode.swift; path = ProfileViewController.swift; sourceTree = "<group>"; };
		6D170FAF2741383A0034AC01 /* Montserrat-Bold.ttf */ = {isa = PBXFileReference; lastKnownFileType = file; path = "Montserrat-Bold.ttf"; sourceTree = "<group>"; };
		6D170FB1274139030034AC01 /* Montserrat-Regular.ttf */ = {isa = PBXFileReference; lastKnownFileType = file; path = "Montserrat-Regular.ttf"; sourceTree = "<group>"; };
		6D170FB2274139030034AC01 /* Montserrat-Thin.ttf */ = {isa = PBXFileReference; lastKnownFileType = file; path = "Montserrat-Thin.ttf"; sourceTree = "<group>"; };
		6D170FB3274139040034AC01 /* Montserrat-Light.ttf */ = {isa = PBXFileReference; lastKnownFileType = file; path = "Montserrat-Light.ttf"; sourceTree = "<group>"; };
		6D170FB727413E5A0034AC01 /* .gitignore */ = {isa = PBXFileReference; lastKnownFileType = text; path = .gitignore; sourceTree = "<group>"; };
		6D92B51727345D4F001519EC /* SignUpViewController.swift */ = {isa = PBXFileReference; fileEncoding = 4; lastKnownFileType = sourcecode.swift; path = SignUpViewController.swift; sourceTree = "<group>"; };
		6D92B51927345D5B001519EC /* GoogleService-Info.plist */ = {isa = PBXFileReference; fileEncoding = 4; lastKnownFileType = text.plist.xml; name = "GoogleService-Info.plist"; path = "Fonts/GoogleService-Info.plist"; sourceTree = "<group>"; };
		6D92B51B27345D9E001519EC /* Extensions.swift */ = {isa = PBXFileReference; fileEncoding = 4; lastKnownFileType = sourcecode.swift; path = Extensions.swift; sourceTree = "<group>"; };
/* End PBXFileReference section */

/* Begin PBXFrameworksBuildPhase section */
		5E162D2E2707242D00BF44B8 /* Frameworks */ = {
			isa = PBXFrameworksBuildPhase;
			buildActionMask = 2147483647;
			files = (
				A379CBBE71032BE6D76A10EF /* Pods_Chordz.framework in Frameworks */,
			);
			runOnlyForDeploymentPostprocessing = 0;
		};
/* End PBXFrameworksBuildPhase section */

/* Begin PBXGroup section */
		20564CB73CE3ACCA67267BFD /* Frameworks */ = {
			isa = PBXGroup;
			children = (
				3BBE152375C5CA734D69F583 /* Pods_Chordz.framework */,
			);
			name = Frameworks;
			sourceTree = "<group>";
		};
		5E162D282707242D00BF44B8 = {
			isa = PBXGroup;
			children = (
				6D170FB727413E5A0034AC01 /* .gitignore */,
				5E162D332707242D00BF44B8 /* Chordz */,
				5E162D322707242D00BF44B8 /* Products */,
				A81F8B1CE743EE14835DC7E0 /* Pods */,
				20564CB73CE3ACCA67267BFD /* Frameworks */,
			);
			sourceTree = "<group>";
		};
		5E162D322707242D00BF44B8 /* Products */ = {
			isa = PBXGroup;
			children = (
				5E162D312707242D00BF44B8 /* Chordz.app */,
			);
			name = Products;
			sourceTree = "<group>";
		};
		5E162D332707242D00BF44B8 /* Chordz */ = {
			isa = PBXGroup;
			children = (
				6D170FA6273FCB670034AC01 /* ProfileModule */,
				6D92B51B27345D9E001519EC /* Extensions.swift */,
				6D92B51927345D5B001519EC /* GoogleService-Info.plist */,
				5E162D342707242D00BF44B8 /* AppDelegate.swift */,
				5E162D362707242D00BF44B8 /* SceneDelegate.swift */,
				5EAB7E8B273D338300D1A3F4 /* NetworkService */,
				5E8F74882710C92000B6E85F /* Model */,
				5EAB7E8C273D339000D1A3F4 /* AuthModule */,
				5EAB7E8D273D339800D1A3F4 /* FeedModule */,
				5E162D3A2707242D00BF44B8 /* Main.storyboard */,
				5E162D3D2707242E00BF44B8 /* Assets.xcassets */,
				5E162D3F2707242E00BF44B8 /* LaunchScreen.storyboard */,
				5E395DD92721ADBE00229563 /* Fonts */,
				5E162D422707242E00BF44B8 /* Info.plist */,
			);
			path = Chordz;
			sourceTree = "<group>";
		};
		5E395DD92721ADBE00229563 /* Fonts */ = {
			isa = PBXGroup;
			children = (
				6D0CC7542741483C00E48AD8 /* RobotoCondensed-Bold.ttf */,
				6D170FB3274139040034AC01 /* Montserrat-Light.ttf */,
				6D170FB1274139030034AC01 /* Montserrat-Regular.ttf */,
				6D170FB2274139030034AC01 /* Montserrat-Thin.ttf */,
				6D170FAF2741383A0034AC01 /* Montserrat-Bold.ttf */,
			);
			path = Fonts;
			sourceTree = "<group>";
		};
		5E8F74882710C92000B6E85F /* Model */ = {
			isa = PBXGroup;
			children = (
				5EAB7EA2273D344F00D1A3F4 /* User.swift */,
				5E8F748C2710C98400B6E85F /* Song.swift */,
			);
			path = Model;
			sourceTree = "<group>";
		};
		5EAB7E8B273D338300D1A3F4 /* NetworkService */ = {
			isa = PBXGroup;
			children = (
				5EF79940272B296600E6FF92 /* NetworkService.swift */,
				5EBF990327177490005B1B77 /* AuthManager.swift */,
				5EBF990027177019005B1B77 /* LoadManager.swift */,
			);
			path = NetworkService;
			sourceTree = "<group>";
		};
		5EAB7E8C273D339000D1A3F4 /* AuthModule */ = {
			isa = PBXGroup;
			children = (
				5EAB7E90273D33B800D1A3F4 /* View */,
				5EAB7E91273D33BC00D1A3F4 /* Presenter */,
			);
			path = AuthModule;
			sourceTree = "<group>";
		};
		5EAB7E8D273D339800D1A3F4 /* FeedModule */ = {
			isa = PBXGroup;
			children = (
				5EAB7E92273D341900D1A3F4 /* View */,
				5EAB7E97273D341900D1A3F4 /* Presenter */,
			);
			path = FeedModule;
			sourceTree = "<group>";
		};
		5EAB7E90273D33B800D1A3F4 /* View */ = {
			isa = PBXGroup;
			children = (
				5EBA9CB6271F1FFC0033F94E /* InitialViewController.swift */,
				6D92B51727345D4F001519EC /* SignUpViewController.swift */,
				5E162D382707242D00BF44B8 /* LoginViewController.swift */,
			);
			path = View;
			sourceTree = "<group>";
		};
		5EAB7E91273D33BC00D1A3F4 /* Presenter */ = {
			isa = PBXGroup;
			children = (
				5EAB7E9E273D343700D1A3F4 /* LoginViewPresenter.swift */,
				6D170FA4273FCA530034AC01 /* SignUpViewPresenter.swift */,
			);
			path = Presenter;
			sourceTree = "<group>";
		};
		5EAB7E92273D341900D1A3F4 /* View */ = {
			isa = PBXGroup;
			children = (
				5EAB7E93273D341900D1A3F4 /* FeedCell */,
				5EAB7E96273D341900D1A3F4 /* FeedViewController.swift */,
			);
			path = View;
			sourceTree = "<group>";
		};
		5EAB7E93273D341900D1A3F4 /* FeedCell */ = {
			isa = PBXGroup;
			children = (
				5EAB7E94273D341900D1A3F4 /* FeedTableViewCell.xib */,
				5EAB7E95273D341900D1A3F4 /* FeedTableViewCell.swift */,
			);
			path = FeedCell;
			sourceTree = "<group>";
		};
		5EAB7E97273D341900D1A3F4 /* Presenter */ = {
			isa = PBXGroup;
			children = (
				5EAB7E98273D341900D1A3F4 /* FeedViewPresenter.swift */,
			);
			path = Presenter;
			sourceTree = "<group>";
		};
		6D0CC75F274152C500E48AD8 /* Presenter */ = {
			isa = PBXGroup;
			children = (
				6D0CC760274152D700E48AD8 /* ProfilePresenter.swift */,
			);
			path = Presenter;
			sourceTree = "<group>";
		};
		6D0CC762274152FF00E48AD8 /* SongView */ = {
			isa = PBXGroup;
			children = (
				6D0CC765274155F900E48AD8 /* SongView.swift */,
				6D0CC767274156F000E48AD8 /* SongView.xib */,
			);
			path = SongView;
			sourceTree = "<group>";
		};
		6D170FA6273FCB670034AC01 /* ProfileModule */ = {
			isa = PBXGroup;
			children = (
				6D0CC75F274152C500E48AD8 /* Presenter */,
				6D170FA7273FCB780034AC01 /* View */,
			);
			path = ProfileModule;
			sourceTree = "<group>";
		};
		6D170FA7273FCB780034AC01 /* View */ = {
			isa = PBXGroup;
			children = (
				6D0CC762274152FF00E48AD8 /* SongView */,
				6D170FA9273FCBB30034AC01 /* ProfileViewController.swift */,
			);
			path = View;
			sourceTree = "<group>";
		};
		A81F8B1CE743EE14835DC7E0 /* Pods */ = {
			isa = PBXGroup;
			children = (
				2685E133190E08704834D9EB /* Pods-Chordz.debug.xcconfig */,
				3E6C85CBBDEF29BC5CFF688D /* Pods-Chordz.release.xcconfig */,
			);
			path = Pods;
			sourceTree = "<group>";
		};
/* End PBXGroup section */

/* Begin PBXNativeTarget section */
		5E162D302707242D00BF44B8 /* Chordz */ = {
			isa = PBXNativeTarget;
			buildConfigurationList = 5E162D452707242E00BF44B8 /* Build configuration list for PBXNativeTarget "Chordz" */;
			buildPhases = (
				3DC30B8285B86380BD9AD11A /* [CP] Check Pods Manifest.lock */,
				5E162D2D2707242D00BF44B8 /* Sources */,
				5E162D2E2707242D00BF44B8 /* Frameworks */,
				5E162D2F2707242D00BF44B8 /* Resources */,
				27846CC6EAA3912998D7394F /* [CP] Embed Pods Frameworks */,
			);
			buildRules = (
			);
			dependencies = (
			);
			name = Chordz;
			productName = Chordz;
			productReference = 5E162D312707242D00BF44B8 /* Chordz.app */;
			productType = "com.apple.product-type.application";
		};
/* End PBXNativeTarget section */

/* Begin PBXProject section */
		5E162D292707242D00BF44B8 /* Project object */ = {
			isa = PBXProject;
			attributes = {
				LastSwiftUpdateCheck = 1240;
				LastUpgradeCheck = 1240;
				TargetAttributes = {
					5E162D302707242D00BF44B8 = {
						CreatedOnToolsVersion = 12.4;
					};
				};
			};
			buildConfigurationList = 5E162D2C2707242D00BF44B8 /* Build configuration list for PBXProject "Chordz" */;
			compatibilityVersion = "Xcode 9.3";
			developmentRegion = en;
			hasScannedForEncodings = 0;
			knownRegions = (
				en,
				Base,
			);
			mainGroup = 5E162D282707242D00BF44B8;
			productRefGroup = 5E162D322707242D00BF44B8 /* Products */;
			projectDirPath = "";
			projectRoot = "";
			targets = (
				5E162D302707242D00BF44B8 /* Chordz */,
			);
		};
/* End PBXProject section */

/* Begin PBXResourcesBuildPhase section */
		5E162D2F2707242D00BF44B8 /* Resources */ = {
			isa = PBXResourcesBuildPhase;
			buildActionMask = 2147483647;
			files = (
				6D170FB827413E5A0034AC01 /* .gitignore in Resources */,
				6D170FB6274139040034AC01 /* Montserrat-Light.ttf in Resources */,
				5E162D412707242E00BF44B8 /* LaunchScreen.storyboard in Resources */,
				5E162D3E2707242E00BF44B8 /* Assets.xcassets in Resources */,
				6D170FB5274139040034AC01 /* Montserrat-Thin.ttf in Resources */,
				6D170FB4274139040034AC01 /* Montserrat-Regular.ttf in Resources */,
				6D92B51A27345D5B001519EC /* GoogleService-Info.plist in Resources */,
				6D0CC768274156F000E48AD8 /* SongView.xib in Resources */,
				6D170FB02741383A0034AC01 /* Montserrat-Bold.ttf in Resources */,
				5EAB7E99273D341900D1A3F4 /* FeedTableViewCell.xib in Resources */,
				5E162D3C2707242D00BF44B8 /* Main.storyboard in Resources */,
				6D0CC7552741483C00E48AD8 /* RobotoCondensed-Bold.ttf in Resources */,
			);
			runOnlyForDeploymentPostprocessing = 0;
		};
/* End PBXResourcesBuildPhase section */

/* Begin PBXShellScriptBuildPhase section */
		27846CC6EAA3912998D7394F /* [CP] Embed Pods Frameworks */ = {
			isa = PBXShellScriptBuildPhase;
			buildActionMask = 2147483647;
			files = (
			);
			inputFileListPaths = (
				"${PODS_ROOT}/Target Support Files/Pods-Chordz/Pods-Chordz-frameworks-${CONFIGURATION}-input-files.xcfilelist",
			);
			name = "[CP] Embed Pods Frameworks";
			outputFileListPaths = (
				"${PODS_ROOT}/Target Support Files/Pods-Chordz/Pods-Chordz-frameworks-${CONFIGURATION}-output-files.xcfilelist",
			);
			runOnlyForDeploymentPostprocessing = 0;
			shellPath = /bin/sh;
			shellScript = "\"${PODS_ROOT}/Target Support Files/Pods-Chordz/Pods-Chordz-frameworks.sh\"\n";
			showEnvVarsInLog = 0;
		};
		3DC30B8285B86380BD9AD11A /* [CP] Check Pods Manifest.lock */ = {
			isa = PBXShellScriptBuildPhase;
			buildActionMask = 2147483647;
			files = (
			);
			inputFileListPaths = (
			);
			inputPaths = (
				"${PODS_PODFILE_DIR_PATH}/Podfile.lock",
				"${PODS_ROOT}/Manifest.lock",
			);
			name = "[CP] Check Pods Manifest.lock";
			outputFileListPaths = (
			);
			outputPaths = (
				"$(DERIVED_FILE_DIR)/Pods-Chordz-checkManifestLockResult.txt",
			);
			runOnlyForDeploymentPostprocessing = 0;
			shellPath = /bin/sh;
			shellScript = "diff \"${PODS_PODFILE_DIR_PATH}/Podfile.lock\" \"${PODS_ROOT}/Manifest.lock\" > /dev/null\nif [ $? != 0 ] ; then\n    # print error to STDERR\n    echo \"error: The sandbox is not in sync with the Podfile.lock. Run 'pod install' or update your CocoaPods installation.\" >&2\n    exit 1\nfi\n# This output is used by Xcode 'outputs' to avoid re-running this script phase.\necho \"SUCCESS\" > \"${SCRIPT_OUTPUT_FILE_0}\"\n";
			showEnvVarsInLog = 0;
		};
/* End PBXShellScriptBuildPhase section */

/* Begin PBXSourcesBuildPhase section */
		5E162D2D2707242D00BF44B8 /* Sources */ = {
			isa = PBXSourcesBuildPhase;
			buildActionMask = 2147483647;
			files = (
				6D92B51827345D4F001519EC /* SignUpViewController.swift in Sources */,
				5EAB7E9C273D341900D1A3F4 /* FeedViewPresenter.swift in Sources */,
				5E162D392707242D00BF44B8 /* LoginViewController.swift in Sources */,
				5EBF990427177490005B1B77 /* AuthManager.swift in Sources */,
				5EBA9CB7271F1FFC0033F94E /* InitialViewController.swift in Sources */,
				5EAB7E9A273D341900D1A3F4 /* FeedTableViewCell.swift in Sources */,
				5EAB7EA3273D344F00D1A3F4 /* User.swift in Sources */,
				6D170FAA273FCBB30034AC01 /* ProfileViewController.swift in Sources */,
				5EAB7E9B273D341900D1A3F4 /* FeedViewController.swift in Sources */,
				5E8F748D2710C98400B6E85F /* Song.swift in Sources */,
				6D0CC766274155F900E48AD8 /* SongView.swift in Sources */,
				5EF79941272B296600E6FF92 /* NetworkService.swift in Sources */,
				6D92B51C27345D9E001519EC /* Extensions.swift in Sources */,
				5EBF990127177019005B1B77 /* LoadManager.swift in Sources */,
				5E162D352707242D00BF44B8 /* AppDelegate.swift in Sources */,
				6D0CC761274152D700E48AD8 /* ProfilePresenter.swift in Sources */,
				6D170FA5273FCA530034AC01 /* SignUpViewPresenter.swift in Sources */,
				5E162D372707242D00BF44B8 /* SceneDelegate.swift in Sources */,
				5EAB7E9F273D343700D1A3F4 /* LoginViewPresenter.swift in Sources */,
			);
			runOnlyForDeploymentPostprocessing = 0;
		};
/* End PBXSourcesBuildPhase section */

/* Begin PBXVariantGroup section */
		5E162D3A2707242D00BF44B8 /* Main.storyboard */ = {
			isa = PBXVariantGroup;
			children = (
				5E162D3B2707242D00BF44B8 /* Base */,
			);
			name = Main.storyboard;
			sourceTree = "<group>";
		};
		5E162D3F2707242E00BF44B8 /* LaunchScreen.storyboard */ = {
			isa = PBXVariantGroup;
			children = (
				5E162D402707242E00BF44B8 /* Base */,
			);
			name = LaunchScreen.storyboard;
			sourceTree = "<group>";
		};
/* End PBXVariantGroup section */

/* Begin XCBuildConfiguration section */
		5E162D432707242E00BF44B8 /* Debug */ = {
			isa = XCBuildConfiguration;
			buildSettings = {
				ALWAYS_SEARCH_USER_PATHS = NO;
				CLANG_ANALYZER_NONNULL = YES;
				CLANG_ANALYZER_NUMBER_OBJECT_CONVERSION = YES_AGGRESSIVE;
				CLANG_CXX_LANGUAGE_STANDARD = "gnu++14";
				CLANG_CXX_LIBRARY = "libc++";
				CLANG_ENABLE_MODULES = YES;
				CLANG_ENABLE_OBJC_ARC = YES;
				CLANG_ENABLE_OBJC_WEAK = YES;
				CLANG_WARN_BLOCK_CAPTURE_AUTORELEASING = YES;
				CLANG_WARN_BOOL_CONVERSION = YES;
				CLANG_WARN_COMMA = YES;
				CLANG_WARN_CONSTANT_CONVERSION = YES;
				CLANG_WARN_DEPRECATED_OBJC_IMPLEMENTATIONS = YES;
				CLANG_WARN_DIRECT_OBJC_ISA_USAGE = YES_ERROR;
				CLANG_WARN_DOCUMENTATION_COMMENTS = YES;
				CLANG_WARN_EMPTY_BODY = YES;
				CLANG_WARN_ENUM_CONVERSION = YES;
				CLANG_WARN_INFINITE_RECURSION = YES;
				CLANG_WARN_INT_CONVERSION = YES;
				CLANG_WARN_NON_LITERAL_NULL_CONVERSION = YES;
				CLANG_WARN_OBJC_IMPLICIT_RETAIN_SELF = YES;
				CLANG_WARN_OBJC_LITERAL_CONVERSION = YES;
				CLANG_WARN_OBJC_ROOT_CLASS = YES_ERROR;
				CLANG_WARN_QUOTED_INCLUDE_IN_FRAMEWORK_HEADER = YES;
				CLANG_WARN_RANGE_LOOP_ANALYSIS = YES;
				CLANG_WARN_STRICT_PROTOTYPES = YES;
				CLANG_WARN_SUSPICIOUS_MOVE = YES;
				CLANG_WARN_UNGUARDED_AVAILABILITY = YES_AGGRESSIVE;
				CLANG_WARN_UNREACHABLE_CODE = YES;
				CLANG_WARN__DUPLICATE_METHOD_MATCH = YES;
				COPY_PHASE_STRIP = NO;
				DEBUG_INFORMATION_FORMAT = dwarf;
				ENABLE_STRICT_OBJC_MSGSEND = YES;
				ENABLE_TESTABILITY = YES;
				GCC_C_LANGUAGE_STANDARD = gnu11;
				GCC_DYNAMIC_NO_PIC = NO;
				GCC_NO_COMMON_BLOCKS = YES;
				GCC_OPTIMIZATION_LEVEL = 0;
				GCC_PREPROCESSOR_DEFINITIONS = (
					"DEBUG=1",
					"$(inherited)",
				);
				GCC_WARN_64_TO_32_BIT_CONVERSION = YES;
				GCC_WARN_ABOUT_RETURN_TYPE = YES_ERROR;
				GCC_WARN_UNDECLARED_SELECTOR = YES;
				GCC_WARN_UNINITIALIZED_AUTOS = YES_AGGRESSIVE;
				GCC_WARN_UNUSED_FUNCTION = YES;
				GCC_WARN_UNUSED_VARIABLE = YES;
				IPHONEOS_DEPLOYMENT_TARGET = 14.4;
				MTL_ENABLE_DEBUG_INFO = INCLUDE_SOURCE;
				MTL_FAST_MATH = YES;
				ONLY_ACTIVE_ARCH = YES;
				SDKROOT = iphoneos;
				SWIFT_ACTIVE_COMPILATION_CONDITIONS = DEBUG;
				SWIFT_OPTIMIZATION_LEVEL = "-Onone";
			};
			name = Debug;
		};
		5E162D442707242E00BF44B8 /* Release */ = {
			isa = XCBuildConfiguration;
			buildSettings = {
				ALWAYS_SEARCH_USER_PATHS = NO;
				CLANG_ANALYZER_NONNULL = YES;
				CLANG_ANALYZER_NUMBER_OBJECT_CONVERSION = YES_AGGRESSIVE;
				CLANG_CXX_LANGUAGE_STANDARD = "gnu++14";
				CLANG_CXX_LIBRARY = "libc++";
				CLANG_ENABLE_MODULES = YES;
				CLANG_ENABLE_OBJC_ARC = YES;
				CLANG_ENABLE_OBJC_WEAK = YES;
				CLANG_WARN_BLOCK_CAPTURE_AUTORELEASING = YES;
				CLANG_WARN_BOOL_CONVERSION = YES;
				CLANG_WARN_COMMA = YES;
				CLANG_WARN_CONSTANT_CONVERSION = YES;
				CLANG_WARN_DEPRECATED_OBJC_IMPLEMENTATIONS = YES;
				CLANG_WARN_DIRECT_OBJC_ISA_USAGE = YES_ERROR;
				CLANG_WARN_DOCUMENTATION_COMMENTS = YES;
				CLANG_WARN_EMPTY_BODY = YES;
				CLANG_WARN_ENUM_CONVERSION = YES;
				CLANG_WARN_INFINITE_RECURSION = YES;
				CLANG_WARN_INT_CONVERSION = YES;
				CLANG_WARN_NON_LITERAL_NULL_CONVERSION = YES;
				CLANG_WARN_OBJC_IMPLICIT_RETAIN_SELF = YES;
				CLANG_WARN_OBJC_LITERAL_CONVERSION = YES;
				CLANG_WARN_OBJC_ROOT_CLASS = YES_ERROR;
				CLANG_WARN_QUOTED_INCLUDE_IN_FRAMEWORK_HEADER = YES;
				CLANG_WARN_RANGE_LOOP_ANALYSIS = YES;
				CLANG_WARN_STRICT_PROTOTYPES = YES;
				CLANG_WARN_SUSPICIOUS_MOVE = YES;
				CLANG_WARN_UNGUARDED_AVAILABILITY = YES_AGGRESSIVE;
				CLANG_WARN_UNREACHABLE_CODE = YES;
				CLANG_WARN__DUPLICATE_METHOD_MATCH = YES;
				COPY_PHASE_STRIP = NO;
				DEBUG_INFORMATION_FORMAT = "dwarf-with-dsym";
				ENABLE_NS_ASSERTIONS = NO;
				ENABLE_STRICT_OBJC_MSGSEND = YES;
				GCC_C_LANGUAGE_STANDARD = gnu11;
				GCC_NO_COMMON_BLOCKS = YES;
				GCC_WARN_64_TO_32_BIT_CONVERSION = YES;
				GCC_WARN_ABOUT_RETURN_TYPE = YES_ERROR;
				GCC_WARN_UNDECLARED_SELECTOR = YES;
				GCC_WARN_UNINITIALIZED_AUTOS = YES_AGGRESSIVE;
				GCC_WARN_UNUSED_FUNCTION = YES;
				GCC_WARN_UNUSED_VARIABLE = YES;
				IPHONEOS_DEPLOYMENT_TARGET = 14.4;
				MTL_ENABLE_DEBUG_INFO = NO;
				MTL_FAST_MATH = YES;
				SDKROOT = iphoneos;
				SWIFT_COMPILATION_MODE = wholemodule;
				SWIFT_OPTIMIZATION_LEVEL = "-O";
				VALIDATE_PRODUCT = YES;
			};
			name = Release;
		};
		5E162D462707242E00BF44B8 /* Debug */ = {
			isa = XCBuildConfiguration;
			baseConfigurationReference = 2685E133190E08704834D9EB /* Pods-Chordz.debug.xcconfig */;
			buildSettings = {
				ASSETCATALOG_COMPILER_APPICON_NAME = AppIcon;
				ASSETCATALOG_COMPILER_GLOBAL_ACCENT_COLOR_NAME = AccentColor;
				CODE_SIGN_STYLE = Automatic;
				DEVELOPMENT_TEAM = DGYH6T768Y;
				INFOPLIST_FILE = Chordz/Info.plist;
				IPHONEOS_DEPLOYMENT_TARGET = 13.0;
				LD_RUNPATH_SEARCH_PATHS = (
					"$(inherited)",
					"@executable_path/Frameworks",
				);
				PRODUCT_BUNDLE_IDENTIFIER = com.iosmxm.Chordz;
				PRODUCT_NAME = "$(TARGET_NAME)";
				SWIFT_VERSION = 5.0;
				TARGETED_DEVICE_FAMILY = "1,2";
			};
			name = Debug;
		};
		5E162D472707242E00BF44B8 /* Release */ = {
			isa = XCBuildConfiguration;
			baseConfigurationReference = 3E6C85CBBDEF29BC5CFF688D /* Pods-Chordz.release.xcconfig */;
			buildSettings = {
				ASSETCATALOG_COMPILER_APPICON_NAME = AppIcon;
				ASSETCATALOG_COMPILER_GLOBAL_ACCENT_COLOR_NAME = AccentColor;
				CODE_SIGN_STYLE = Automatic;
				DEVELOPMENT_TEAM = DGYH6T768Y;
				INFOPLIST_FILE = Chordz/Info.plist;
				IPHONEOS_DEPLOYMENT_TARGET = 13.0;
				LD_RUNPATH_SEARCH_PATHS = (
					"$(inherited)",
					"@executable_path/Frameworks",
				);
				PRODUCT_BUNDLE_IDENTIFIER = com.iosmxm.Chordz;
				PRODUCT_NAME = "$(TARGET_NAME)";
				SWIFT_VERSION = 5.0;
				TARGETED_DEVICE_FAMILY = "1,2";
			};
			name = Release;
		};
/* End XCBuildConfiguration section */

/* Begin XCConfigurationList section */
		5E162D2C2707242D00BF44B8 /* Build configuration list for PBXProject "Chordz" */ = {
			isa = XCConfigurationList;
			buildConfigurations = (
				5E162D432707242E00BF44B8 /* Debug */,
				5E162D442707242E00BF44B8 /* Release */,
			);
			defaultConfigurationIsVisible = 0;
			defaultConfigurationName = Release;
		};
		5E162D452707242E00BF44B8 /* Build configuration list for PBXNativeTarget "Chordz" */ = {
			isa = XCConfigurationList;
			buildConfigurations = (
				5E162D462707242E00BF44B8 /* Debug */,
				5E162D472707242E00BF44B8 /* Release */,
			);
			defaultConfigurationIsVisible = 0;
			defaultConfigurationName = Release;
		};
/* End XCConfigurationList section */
	};
	rootObject = 5E162D292707242D00BF44B8 /* Project object */;
}
